{
  "name": "ngx-rut-validation",
  "version": "0.0.1",
  "lockfileVersion": 1,
  "requires": true,
  "dependencies": {
    "rut.js": {
      "version": "1.0.1",
      "resolved": "https://registry.npmjs.org/rut.js/-/rut.js-1.0.1.tgz",
      "integrity": "sha1-kBhsAdy4plcxi0fh1U2AyFmiqOQ="
    }
  }
}
